
Microsoft Visual Studio Solution File, Format Version 12.00
# Visual Studio Version 16
VisualStudioVersion = 16.0.32126.315
MinimumVisualStudioVersion = 10.0.40219.1
Project("{9A19103F-16F7-4668-BE54-9A1E7A4F7556}") = "AzureTestingProject", "AzureTestingProject\AzureTestingProject.csproj", "{618498EF-7B86-4D9C-B890-18F88CCA6F71}"
EndProject
Project("{2150E333-8FDC-42A3-9474-1A3956D46DE8}") = "Solution Items", "Solution Items", "{C66C48CB-83A4-4886-BC88-EB25722575D3}"
EndProject
Project("{9A19103F-16F7-4668-BE54-9A1E7A4F7556}") = "AzureFunction", "AzureFunction\AzureFunction.csproj", "{9395D625-A533-4798-8C96-378016DD6807}"
EndProject
Global
	GlobalSection(SolutionConfigurationPlatforms) = preSolution
		Debug|Any CPU = Debug|Any CPU
		Release|Any CPU = Release|Any CPU
	EndGlobalSection
	GlobalSection(ProjectConfigurationPlatforms) = postSolution
		{618498EF-7B86-4D9C-B890-18F88CCA6F71}.Debug|Any CPU.ActiveCfg = Debug|Any CPU
		{618498EF-7B86-4D9C-B890-18F88CCA6F71}.Debug|Any CPU.Build.0 = Debug|Any CPU
		{618498EF-7B86-4D9C-B890-18F88CCA6F71}.Release|Any CPU.ActiveCfg = Release|Any CPU
		{618498EF-7B86-4D9C-B890-18F88CCA6F71}.Release|Any CPU.Build.0 = Release|Any CPU
		{9395D625-A533-4798-8C96-378016DD6807}.Debug|Any CPU.ActiveCfg = Debug|Any CPU
		{9395D625-A533-4798-8C96-378016DD6807}.Debug|Any CPU.Build.0 = Debug|Any CPU
		{9395D625-A533-4798-8C96-378016DD6807}.Release|Any CPU.ActiveCfg = Release|Any CPU
		{9395D625-A533-4798-8C96-378016DD6807}.Release|Any CPU.Build.0 = Release|Any CPU
	EndGlobalSection
	GlobalSection(SolutionProperties) = preSolution
		HideSolutionNode = FALSE
	EndGlobalSection
	GlobalSection(ExtensibilityGlobals) = postSolution
		SolutionGuid = {261B44FB-9705-416E-A07B-A4C72CB3CAD8}
	EndGlobalSection
EndGlobal
